[[package]]
category = "main"
description = "Simple data query language"
name = "ds"
optional = false
python-versions = "*"
version = "0.0.1"

[metadata]
content-hash = "04d30e42640368ad5a5ea3421c61b0ff2349730142fce680b7e79f6980f04b4b"
python-versions = "^3.8"

[metadata.files]
ds = [
    {file = "ds-0.0.1.tar.gz", hash = "sha256:1b2b498f851210654c0369f2e8fe812d7633f56044b2787a5c63691652fc18dd"},
]
